// !$*UTF8*$!
{
	archiveVersion = 1;
	classes = {
	};
	objectVersion = 50;
	objects = {

/* Begin PBXBuildFile section */
		0D1D213026E7F81D00FD967F /* APIRequest.swift in Sources */ = {isa = PBXBuildFile; fileRef = 0D1D212F26E7F81D00FD967F /* APIRequest.swift */; };
		0D1D213226E7F89200FD967F /* NetworkSession.swift in Sources */ = {isa = PBXBuildFile; fileRef = 0D1D213126E7F89200FD967F /* NetworkSession.swift */; };
		0D1D213426E7FB5100FD967F /* NetworkError.swift in Sources */ = {isa = PBXBuildFile; fileRef = 0D1D213326E7FB5100FD967F /* NetworkError.swift */; };
		0D1D213A26E9447500FD967F /* Loader.swift in Sources */ = {isa = PBXBuildFile; fileRef = 0D1D213926E9447500FD967F /* Loader.swift */; };
		0DF57B8A26E5F83D005838F7 /* AppDelegate.swift in Sources */ = {isa = PBXBuildFile; fileRef = 0DF57B8926E5F83D005838F7 /* AppDelegate.swift */; };
		0DF57B8C26E5F83D005838F7 /* SceneDelegate.swift in Sources */ = {isa = PBXBuildFile; fileRef = 0DF57B8B26E5F83D005838F7 /* SceneDelegate.swift */; };
		0DF57B8E26E5F83D005838F7 /* PersonsTableViewController.swift in Sources */ = {isa = PBXBuildFile; fileRef = 0DF57B8D26E5F83D005838F7 /* PersonsTableViewController.swift */; };
		0DF57B9326E5F840005838F7 /* Assets.xcassets in Resources */ = {isa = PBXBuildFile; fileRef = 0DF57B9226E5F840005838F7 /* Assets.xcassets */; };
		0DF57B9626E5F840005838F7 /* LaunchScreen.storyboard in Resources */ = {isa = PBXBuildFile; fileRef = 0DF57B9426E5F840005838F7 /* LaunchScreen.storyboard */; };
		0DF57BA126E5F840005838F7 /* PersonsListTests.swift in Sources */ = {isa = PBXBuildFile; fileRef = 0DF57BA026E5F840005838F7 /* PersonsListTests.swift */; };
		0DF57BAC26E5F840005838F7 /* PersonsListUITests.swift in Sources */ = {isa = PBXBuildFile; fileRef = 0DF57BAB26E5F840005838F7 /* PersonsListUITests.swift */; };
		0DF57BBD26E5FCB4005838F7 /* UrlManager.swift in Sources */ = {isa = PBXBuildFile; fileRef = 0DF57BBC26E5FCB4005838F7 /* UrlManager.swift */; };
		0DF57BBF26E6005D005838F7 /* Person.swift in Sources */ = {isa = PBXBuildFile; fileRef = 0DF57BBE26E6005D005838F7 /* Person.swift */; };
		0DF57BC326E6AB40005838F7 /* PersonTableViewCell.swift in Sources */ = {isa = PBXBuildFile; fileRef = 0DF57BC226E6AB3F005838F7 /* PersonTableViewCell.swift */; };
/* End PBXBuildFile section */

/* Begin PBXContainerItemProxy section */
		0DF57B9D26E5F840005838F7 /* PBXContainerItemProxy */ = {
			isa = PBXContainerItemProxy;
			containerPortal = 0DF57B7E26E5F83D005838F7 /* Project object */;
			proxyType = 1;
			remoteGlobalIDString = 0DF57B8526E5F83D005838F7;
			remoteInfo = PersonsList;
		};
		0DF57BA826E5F840005838F7 /* PBXContainerItemProxy */ = {
			isa = PBXContainerItemProxy;
			containerPortal = 0DF57B7E26E5F83D005838F7 /* Project object */;
			proxyType = 1;
			remoteGlobalIDString = 0DF57B8526E5F83D005838F7;
			remoteInfo = PersonsList;
		};
/* End PBXContainerItemProxy section */

/* Begin PBXFileReference section */
		0D1D212F26E7F81D00FD967F /* APIRequest.swift */ = {isa = PBXFileReference; lastKnownFileType = sourcecode.swift; path = APIRequest.swift; sourceTree = "<group>"; };
		0D1D213126E7F89200FD967F /* NetworkSession.swift */ = {isa = PBXFileReference; lastKnownFileType = sourcecode.swift; path = NetworkSession.swift; sourceTree = "<group>"; };
		0D1D213326E7FB5100FD967F /* NetworkError.swift */ = {isa = PBXFileReference; lastKnownFileType = sourcecode.swift; path = NetworkError.swift; sourceTree = "<group>"; };
		0D1D213926E9447500FD967F /* Loader.swift */ = {isa = PBXFileReference; lastKnownFileType = sourcecode.swift; path = Loader.swift; sourceTree = "<group>"; };
		0DF57B8626E5F83D005838F7 /* PersonsList.app */ = {isa = PBXFileReference; explicitFileType = wrapper.application; includeInIndex = 0; path = PersonsList.app; sourceTree = BUILT_PRODUCTS_DIR; };
		0DF57B8926E5F83D005838F7 /* AppDelegate.swift */ = {isa = PBXFileReference; lastKnownFileType = sourcecode.swift; path = AppDelegate.swift; sourceTree = "<group>"; };
		0DF57B8B26E5F83D005838F7 /* SceneDelegate.swift */ = {isa = PBXFileReference; lastKnownFileType = sourcecode.swift; path = SceneDelegate.swift; sourceTree = "<group>"; };
		0DF57B8D26E5F83D005838F7 /* PersonsTableViewController.swift */ = {isa = PBXFileReference; lastKnownFileType = sourcecode.swift; path = PersonsTableViewController.swift; sourceTree = "<group>"; };
		0DF57B9226E5F840005838F7 /* Assets.xcassets */ = {isa = PBXFileReference; lastKnownFileType = folder.assetcatalog; path = Assets.xcassets; sourceTree = "<group>"; };
		0DF57B9526E5F840005838F7 /* Base */ = {isa = PBXFileReference; lastKnownFileType = file.storyboard; name = Base; path = Base.lproj/LaunchScreen.storyboard; sourceTree = "<group>"; };
		0DF57B9726E5F840005838F7 /* Info.plist */ = {isa = PBXFileReference; lastKnownFileType = text.plist.xml; path = Info.plist; sourceTree = "<group>"; };
		0DF57B9C26E5F840005838F7 /* PersonsListTests.xctest */ = {isa = PBXFileReference; explicitFileType = wrapper.cfbundle; includeInIndex = 0; path = PersonsListTests.xctest; sourceTree = BUILT_PRODUCTS_DIR; };
		0DF57BA026E5F840005838F7 /* PersonsListTests.swift */ = {isa = PBXFileReference; lastKnownFileType = sourcecode.swift; path = PersonsListTests.swift; sourceTree = "<group>"; };
		0DF57BA226E5F840005838F7 /* Info.plist */ = {isa = PBXFileReference; lastKnownFileType = text.plist.xml; path = Info.plist; sourceTree = "<group>"; };
		0DF57BA726E5F840005838F7 /* PersonsListUITests.xctest */ = {isa = PBXFileReference; explicitFileType = wrapper.cfbundle; includeInIndex = 0; path = PersonsListUITests.xctest; sourceTree = BUILT_PRODUCTS_DIR; };
		0DF57BAB26E5F840005838F7 /* PersonsListUITests.swift */ = {isa = PBXFileReference; lastKnownFileType = sourcecode.swift; path = PersonsListUITests.swift; sourceTree = "<group>"; };
		0DF57BAD26E5F840005838F7 /* Info.plist */ = {isa = PBXFileReference; lastKnownFileType = text.plist.xml; path = Info.plist; sourceTree = "<group>"; };
		0DF57BBC26E5FCB4005838F7 /* UrlManager.swift */ = {isa = PBXFileReference; lastKnownFileType = sourcecode.swift; path = UrlManager.swift; sourceTree = "<group>"; };
		0DF57BBE26E6005D005838F7 /* Person.swift */ = {isa = PBXFileReference; lastKnownFileType = sourcecode.swift; path = Person.swift; sourceTree = "<group>"; };
		0DF57BC226E6AB3F005838F7 /* PersonTableViewCell.swift */ = {isa = PBXFileReference; lastKnownFileType = sourcecode.swift; path = PersonTableViewCell.swift; sourceTree = "<group>"; };
/* End PBXFileReference section */

/* Begin PBXFrameworksBuildPhase section */
		0DF57B8326E5F83D005838F7 /* Frameworks */ = {
			isa = PBXFrameworksBuildPhase;
			buildActionMask = 2147483647;
			files = (
			);
			runOnlyForDeploymentPostprocessing = 0;
		};
		0DF57B9926E5F840005838F7 /* Frameworks */ = {
			isa = PBXFrameworksBuildPhase;
			buildActionMask = 2147483647;
			files = (
			);
			runOnlyForDeploymentPostprocessing = 0;
		};
		0DF57BA426E5F840005838F7 /* Frameworks */ = {
			isa = PBXFrameworksBuildPhase;
			buildActionMask = 2147483647;
			files = (
			);
			runOnlyForDeploymentPostprocessing = 0;
		};
/* End PBXFrameworksBuildPhase section */

/* Begin PBXGroup section */
		0D1D213B26E9486F00FD967F /* Util */ = {
			isa = PBXGroup;
			children = (
				0D1D213926E9447500FD967F /* Loader.swift */,
			);
			path = Util;
			sourceTree = "<group>";
		};
		0DF57B7D26E5F83D005838F7 = {
			isa = PBXGroup;
			children = (
				0DF57B8826E5F83D005838F7 /* PersonsList */,
				0DF57B9F26E5F840005838F7 /* PersonsListTests */,
				0DF57BAA26E5F840005838F7 /* PersonsListUITests */,
				0DF57B8726E5F83D005838F7 /* Products */,
			);
			sourceTree = "<group>";
		};
		0DF57B8726E5F83D005838F7 /* Products */ = {
			isa = PBXGroup;
			children = (
				0DF57B8626E5F83D005838F7 /* PersonsList.app */,
				0DF57B9C26E5F840005838F7 /* PersonsListTests.xctest */,
				0DF57BA726E5F840005838F7 /* PersonsListUITests.xctest */,
			);
			name = Products;
			sourceTree = "<group>";
		};
		0DF57B8826E5F83D005838F7 /* PersonsList */ = {
			isa = PBXGroup;
			children = (
				0DF57BBB26E5FCA5005838F7 /* View */,
				0DF57BBA26E5FCA0005838F7 /* Model */,
				0DF57BB926E5FC99005838F7 /* API */,
				0D1D213B26E9486F00FD967F /* Util */,
				0DF57B8926E5F83D005838F7 /* AppDelegate.swift */,
				0DF57B8B26E5F83D005838F7 /* SceneDelegate.swift */,
				0DF57B9226E5F840005838F7 /* Assets.xcassets */,
				0DF57B9426E5F840005838F7 /* LaunchScreen.storyboard */,
				0DF57B9726E5F840005838F7 /* Info.plist */,
			);
			path = PersonsList;
			sourceTree = "<group>";
		};
		0DF57B9F26E5F840005838F7 /* PersonsListTests */ = {
			isa = PBXGroup;
			children = (
				0DF57BA026E5F840005838F7 /* PersonsListTests.swift */,
				0DF57BA226E5F840005838F7 /* Info.plist */,
			);
			path = PersonsListTests;
			sourceTree = "<group>";
		};
		0DF57BAA26E5F840005838F7 /* PersonsListUITests */ = {
			isa = PBXGroup;
			children = (
				0DF57BAB26E5F840005838F7 /* PersonsListUITests.swift */,
				0DF57BAD26E5F840005838F7 /* Info.plist */,
			);
			path = PersonsListUITests;
			sourceTree = "<group>";
		};
		0DF57BB926E5FC99005838F7 /* API */ = {
			isa = PBXGroup;
			children = (
				0DF57BBC26E5FCB4005838F7 /* UrlManager.swift */,
				0D1D212F26E7F81D00FD967F /* APIRequest.swift */,
				0D1D213126E7F89200FD967F /* NetworkSession.swift */,
				0D1D213326E7FB5100FD967F /* NetworkError.swift */,
			);
			path = API;
			sourceTree = "<group>";
		};
		0DF57BBA26E5FCA0005838F7 /* Model */ = {
			isa = PBXGroup;
			children = (
				0DF57BBE26E6005D005838F7 /* Person.swift */,
			);
			path = Model;
			sourceTree = "<group>";
		};
		0DF57BBB26E5FCA5005838F7 /* View */ = {
			isa = PBXGroup;
			children = (
				0DF57BC226E6AB3F005838F7 /* PersonTableViewCell.swift */,
				0DF57B8D26E5F83D005838F7 /* PersonsTableViewController.swift */,
			);
			path = View;
			sourceTree = "<group>";
		};
/* End PBXGroup section */

/* Begin PBXNativeTarget section */
		0DF57B8526E5F83D005838F7 /* PersonsList */ = {
			isa = PBXNativeTarget;
			buildConfigurationList = 0DF57BB026E5F840005838F7 /* Build configuration list for PBXNativeTarget "PersonsList" */;
			buildPhases = (
				0DF57B8226E5F83D005838F7 /* Sources */,
				0DF57B8326E5F83D005838F7 /* Frameworks */,
				0DF57B8426E5F83D005838F7 /* Resources */,
			);
			buildRules = (
			);
			dependencies = (
			);
			name = PersonsList;
			productName = PersonsList;
			productReference = 0DF57B8626E5F83D005838F7 /* PersonsList.app */;
			productType = "com.apple.product-type.application";
		};
		0DF57B9B26E5F840005838F7 /* PersonsListTests */ = {
			isa = PBXNativeTarget;
			buildConfigurationList = 0DF57BB326E5F840005838F7 /* Build configuration list for PBXNativeTarget "PersonsListTests" */;
			buildPhases = (
				0DF57B9826E5F840005838F7 /* Sources */,
				0DF57B9926E5F840005838F7 /* Frameworks */,
				0DF57B9A26E5F840005838F7 /* Resources */,
			);
			buildRules = (
			);
			dependencies = (
				0DF57B9E26E5F840005838F7 /* PBXTargetDependency */,
			);
			name = PersonsListTests;
			productName = PersonsListTests;
			productReference = 0DF57B9C26E5F840005838F7 /* PersonsListTests.xctest */;
			productType = "com.apple.product-type.bundle.unit-test";
		};
		0DF57BA626E5F840005838F7 /* PersonsListUITests */ = {
			isa = PBXNativeTarget;
			buildConfigurationList = 0DF57BB626E5F840005838F7 /* Build configuration list for PBXNativeTarget "PersonsListUITests" */;
			buildPhases = (
				0DF57BA326E5F840005838F7 /* Sources */,
				0DF57BA426E5F840005838F7 /* Frameworks */,
				0DF57BA526E5F840005838F7 /* Resources */,
			);
			buildRules = (
			);
			dependencies = (
				0DF57BA926E5F840005838F7 /* PBXTargetDependency */,
			);
			name = PersonsListUITests;
			productName = PersonsListUITests;
			productReference = 0DF57BA726E5F840005838F7 /* PersonsListUITests.xctest */;
			productType = "com.apple.product-type.bundle.ui-testing";
		};
/* End PBXNativeTarget section */

/* Begin PBXProject section */
		0DF57B7E26E5F83D005838F7 /* Project object */ = {
			isa = PBXProject;
			attributes = {
				LastSwiftUpdateCheck = 1250;
				LastUpgradeCheck = 1250;
				TargetAttributes = {
					0DF57B8526E5F83D005838F7 = {
						CreatedOnToolsVersion = 12.5.1;
					};
					0DF57B9B26E5F840005838F7 = {
						CreatedOnToolsVersion = 12.5.1;
						TestTargetID = 0DF57B8526E5F83D005838F7;
					};
					0DF57BA626E5F840005838F7 = {
						CreatedOnToolsVersion = 12.5.1;
						TestTargetID = 0DF57B8526E5F83D005838F7;
					};
				};
			};
			buildConfigurationList = 0DF57B8126E5F83D005838F7 /* Build configuration list for PBXProject "PersonsList" */;
			compatibilityVersion = "Xcode 9.3";
			developmentRegion = en;
			hasScannedForEncodings = 0;
			knownRegions = (
				en,
				Base,
			);
			mainGroup = 0DF57B7D26E5F83D005838F7;
			productRefGroup = 0DF57B8726E5F83D005838F7 /* Products */;
			projectDirPath = "";
			projectRoot = "";
			targets = (
				0DF57B8526E5F83D005838F7 /* PersonsList */,
				0DF57B9B26E5F840005838F7 /* PersonsListTests */,
				0DF57BA626E5F840005838F7 /* PersonsListUITests */,
			);
		};
/* End PBXProject section */

/* Begin PBXResourcesBuildPhase section */
		0DF57B8426E5F83D005838F7 /* Resources */ = {
			isa = PBXResourcesBuildPhase;
			buildActionMask = 2147483647;
			files = (
				0DF57B9626E5F840005838F7 /* LaunchScreen.storyboard in Resources */,
				0DF57B9326E5F840005838F7 /* Assets.xcassets in Resources */,
			);
			runOnlyForDeploymentPostprocessing = 0;
		};
		0DF57B9A26E5F840005838F7 /* Resources */ = {
			isa = PBXResourcesBuildPhase;
			buildActionMask = 2147483647;
			files = (
			);
			runOnlyForDeploymentPostprocessing = 0;
		};
		0DF57BA526E5F840005838F7 /* Resources */ = {
			isa = PBXResourcesBuildPhase;
			buildActionMask = 2147483647;
			files = (
			);
			runOnlyForDeploymentPostprocessing = 0;
		};
/* End PBXResourcesBuildPhase section */

/* Begin PBXSourcesBuildPhase section */
		0DF57B8226E5F83D005838F7 /* Sources */ = {
			isa = PBXSourcesBuildPhase;
			buildActionMask = 2147483647;
			files = (
				0DF57BC326E6AB40005838F7 /* PersonTableViewCell.swift in Sources */,
				0D1D213026E7F81D00FD967F /* APIRequest.swift in Sources */,
				0DF57BBF26E6005D005838F7 /* Person.swift in Sources */,
				0DF57B8E26E5F83D005838F7 /* PersonsTableViewController.swift in Sources */,
				0DF57BBD26E5FCB4005838F7 /* UrlManager.swift in Sources */,
				0D1D213226E7F89200FD967F /* NetworkSession.swift in Sources */,
				0D1D213426E7FB5100FD967F /* NetworkError.swift in Sources */,
				0D1D213A26E9447500FD967F /* Loader.swift in Sources */,
				0DF57B8A26E5F83D005838F7 /* AppDelegate.swift in Sources */,
				0DF57B8C26E5F83D005838F7 /* SceneDelegate.swift in Sources */,
			);
			runOnlyForDeploymentPostprocessing = 0;
		};
		0DF57B9826E5F840005838F7 /* Sources */ = {
			isa = PBXSourcesBuildPhase;
			buildActionMask = 2147483647;
			files = (
				0DF57BA126E5F840005838F7 /* PersonsListTests.swift in Sources */,
			);
			runOnlyForDeploymentPostprocessing = 0;
		};
		0DF57BA326E5F840005838F7 /* Sources */ = {
			isa = PBXSourcesBuildPhase;
			buildActionMask = 2147483647;
			files = (
				0DF57BAC26E5F840005838F7 /* PersonsListUITests.swift in Sources */,
			);
			runOnlyForDeploymentPostprocessing = 0;
		};
/* End PBXSourcesBuildPhase section */

/* Begin PBXTargetDependency section */
		0DF57B9E26E5F840005838F7 /* PBXTargetDependency */ = {
			isa = PBXTargetDependency;
			target = 0DF57B8526E5F83D005838F7 /* PersonsList */;
			targetProxy = 0DF57B9D26E5F840005838F7 /* PBXContainerItemProxy */;
		};
		0DF57BA926E5F840005838F7 /* PBXTargetDependency */ = {
			isa = PBXTargetDependency;
			target = 0DF57B8526E5F83D005838F7 /* PersonsList */;
			targetProxy = 0DF57BA826E5F840005838F7 /* PBXContainerItemProxy */;
		};
/* End PBXTargetDependency section */

/* Begin PBXVariantGroup section */
		0DF57B9426E5F840005838F7 /* LaunchScreen.storyboard */ = {
			isa = PBXVariantGroup;
			children = (
				0DF57B9526E5F840005838F7 /* Base */,
			);
			name = LaunchScreen.storyboard;
			sourceTree = "<group>";
		};
/* End PBXVariantGroup section */

/* Begin XCBuildConfiguration section */
		0DF57BAE26E5F840005838F7 /* Debug */ = {
			isa = XCBuildConfiguration;
			buildSettings = {
				ALWAYS_SEARCH_USER_PATHS = NO;
				CLANG_ANALYZER_NONNULL = YES;
				CLANG_ANALYZER_NUMBER_OBJECT_CONVERSION = YES_AGGRESSIVE;
				CLANG_CXX_LANGUAGE_STANDARD = "gnu++14";
				CLANG_CXX_LIBRARY = "libc++";
				CLANG_ENABLE_MODULES = YES;
				CLANG_ENABLE_OBJC_ARC = YES;
				CLANG_ENABLE_OBJC_WEAK = YES;
				CLANG_WARN_BLOCK_CAPTURE_AUTORELEASING = YES;
				CLANG_WARN_BOOL_CONVERSION = YES;
				CLANG_WARN_COMMA = YES;
				CLANG_WARN_CONSTANT_CONVERSION = YES;
				CLANG_WARN_DEPRECATED_OBJC_IMPLEMENTATIONS = YES;
				CLANG_WARN_DIRECT_OBJC_ISA_USAGE = YES_ERROR;
				CLANG_WARN_DOCUMENTATION_COMMENTS = YES;
				CLANG_WARN_EMPTY_BODY = YES;
				CLANG_WARN_ENUM_CONVERSION = YES;
				CLANG_WARN_INFINITE_RECURSION = YES;
				CLANG_WARN_INT_CONVERSION = YES;
				CLANG_WARN_NON_LITERAL_NULL_CONVERSION = YES;
				CLANG_WARN_OBJC_IMPLICIT_RETAIN_SELF = YES;
				CLANG_WARN_OBJC_LITERAL_CONVERSION = YES;
				CLANG_WARN_OBJC_ROOT_CLASS = YES_ERROR;
				CLANG_WARN_QUOTED_INCLUDE_IN_FRAMEWORK_HEADER = YES;
				CLANG_WARN_RANGE_LOOP_ANALYSIS = YES;
				CLANG_WARN_STRICT_PROTOTYPES = YES;
				CLANG_WARN_SUSPICIOUS_MOVE = YES;
				CLANG_WARN_UNGUARDED_AVAILABILITY = YES_AGGRESSIVE;
				CLANG_WARN_UNREACHABLE_CODE = YES;
				CLANG_WARN__DUPLICATE_METHOD_MATCH = YES;
				COPY_PHASE_STRIP = NO;
				DEBUG_INFORMATION_FORMAT = dwarf;
				ENABLE_STRICT_OBJC_MSGSEND = YES;
				ENABLE_TESTABILITY = YES;
				GCC_C_LANGUAGE_STANDARD = gnu11;
				GCC_DYNAMIC_NO_PIC = NO;
				GCC_NO_COMMON_BLOCKS = YES;
				GCC_OPTIMIZATION_LEVEL = 0;
				GCC_PREPROCESSOR_DEFINITIONS = (
					"DEBUG=1",
					"$(inherited)",
				);
				GCC_WARN_64_TO_32_BIT_CONVERSION = YES;
				GCC_WARN_ABOUT_RETURN_TYPE = YES_ERROR;
				GCC_WARN_UNDECLARED_SELECTOR = YES;
				GCC_WARN_UNINITIALIZED_AUTOS = YES_AGGRESSIVE;
				GCC_WARN_UNUSED_FUNCTION = YES;
				GCC_WARN_UNUSED_VARIABLE = YES;
				IPHONEOS_DEPLOYMENT_TARGET = 14.5;
				MTL_ENABLE_DEBUG_INFO = INCLUDE_SOURCE;
				MTL_FAST_MATH = YES;
				ONLY_ACTIVE_ARCH = YES;
				SDKROOT = iphoneos;
				SWIFT_ACTIVE_COMPILATION_CONDITIONS = DEBUG;
				SWIFT_OPTIMIZATION_LEVEL = "-Onone";
			};
			name = Debug;
		};
		0DF57BAF26E5F840005838F7 /* Release */ = {
			isa = XCBuildConfiguration;
			buildSettings = {
				ALWAYS_SEARCH_USER_PATHS = NO;
				CLANG_ANALYZER_NONNULL = YES;
				CLANG_ANALYZER_NUMBER_OBJECT_CONVERSION = YES_AGGRESSIVE;
				CLANG_CXX_LANGUAGE_STANDARD = "gnu++14";
				CLANG_CXX_LIBRARY = "libc++";
				CLANG_ENABLE_MODULES = YES;
				CLANG_ENABLE_OBJC_ARC = YES;
				CLANG_ENABLE_OBJC_WEAK = YES;
				CLANG_WARN_BLOCK_CAPTURE_AUTORELEASING = YES;
				CLANG_WARN_BOOL_CONVERSION = YES;
				CLANG_WARN_COMMA = YES;
				CLANG_WARN_CONSTANT_CONVERSION = YES;
				CLANG_WARN_DEPRECATED_OBJC_IMPLEMENTATIONS = YES;
				CLANG_WARN_DIRECT_OBJC_ISA_USAGE = YES_ERROR;
				CLANG_WARN_DOCUMENTATION_COMMENTS = YES;
				CLANG_WARN_EMPTY_BODY = YES;
				CLANG_WARN_ENUM_CONVERSION = YES;
				CLANG_WARN_INFINITE_RECURSION = YES;
				CLANG_WARN_INT_CONVERSION = YES;
				CLANG_WARN_NON_LITERAL_NULL_CONVERSION = YES;
				CLANG_WARN_OBJC_IMPLICIT_RETAIN_SELF = YES;
				CLANG_WARN_OBJC_LITERAL_CONVERSION = YES;
				CLANG_WARN_OBJC_ROOT_CLASS = YES_ERROR;
				CLANG_WARN_QUOTED_INCLUDE_IN_FRAMEWORK_HEADER = YES;
				CLANG_WARN_RANGE_LOOP_ANALYSIS = YES;
				CLANG_WARN_STRICT_PROTOTYPES = YES;
				CLANG_WARN_SUSPICIOUS_MOVE = YES;
				CLANG_WARN_UNGUARDED_AVAILABILITY = YES_AGGRESSIVE;
				CLANG_WARN_UNREACHABLE_CODE = YES;
				CLANG_WARN__DUPLICATE_METHOD_MATCH = YES;
				COPY_PHASE_STRIP = NO;
				DEBUG_INFORMATION_FORMAT = "dwarf-with-dsym";
				ENABLE_NS_ASSERTIONS = NO;
				ENABLE_STRICT_OBJC_MSGSEND = YES;
				GCC_C_LANGUAGE_STANDARD = gnu11;
				GCC_NO_COMMON_BLOCKS = YES;
				GCC_WARN_64_TO_32_BIT_CONVERSION = YES;
				GCC_WARN_ABOUT_RETURN_TYPE = YES_ERROR;
				GCC_WARN_UNDECLARED_SELECTOR = YES;
				GCC_WARN_UNINITIALIZED_AUTOS = YES_AGGRESSIVE;
				GCC_WARN_UNUSED_FUNCTION = YES;
				GCC_WARN_UNUSED_VARIABLE = YES;
				IPHONEOS_DEPLOYMENT_TARGET = 14.5;
				MTL_ENABLE_DEBUG_INFO = NO;
				MTL_FAST_MATH = YES;
				SDKROOT = iphoneos;
				SWIFT_COMPILATION_MODE = wholemodule;
				SWIFT_OPTIMIZATION_LEVEL = "-O";
				VALIDATE_PRODUCT = YES;
			};
			name = Release;
		};
		0DF57BB126E5F840005838F7 /* Debug */ = {
			isa = XCBuildConfiguration;
			buildSettings = {
				ASSETCATALOG_COMPILER_APPICON_NAME = AppIcon;
				ASSETCATALOG_COMPILER_GLOBAL_ACCENT_COLOR_NAME = AccentColor;
				CODE_SIGN_STYLE = Automatic;
				DEVELOPMENT_TEAM = 6XV8D93Z86;
				INFOPLIST_FILE = PersonsList/Info.plist;
				LD_RUNPATH_SEARCH_PATHS = (
					"$(inherited)",
					"@executable_path/Frameworks",
				);
				PRODUCT_BUNDLE_IDENTIFIER = mz.PersonsList;
				PRODUCT_NAME = "$(TARGET_NAME)";
				SWIFT_VERSION = 5.0;
				TARGETED_DEVICE_FAMILY = "1,2";
			};
			name = Debug;
		};
		0DF57BB226E5F840005838F7 /* Release */ = {
			isa = XCBuildConfiguration;
			buildSettings = {
				ASSETCATALOG_COMPILER_APPICON_NAME = AppIcon;
				ASSETCATALOG_COMPILER_GLOBAL_ACCENT_COLOR_NAME = AccentColor;
				CODE_SIGN_STYLE = Automatic;
				DEVELOPMENT_TEAM = 6XV8D93Z86;
				INFOPLIST_FILE = PersonsList/Info.plist;
				LD_RUNPATH_SEARCH_PATHS = (
					"$(inherited)",
					"@executable_path/Frameworks",
				);
				PRODUCT_BUNDLE_IDENTIFIER = mz.PersonsList;
				PRODUCT_NAME = "$(TARGET_NAME)";
				SWIFT_VERSION = 5.0;
				TARGETED_DEVICE_FAMILY = "1,2";
			};
			name = Release;
		};
		0DF57BB426E5F840005838F7 /* Debug */ = {
			isa = XCBuildConfiguration;
			buildSettings = {
				ALWAYS_EMBED_SWIFT_STANDARD_LIBRARIES = YES;
				BUNDLE_LOADER = "$(TEST_HOST)";
				CODE_SIGN_STYLE = Automatic;
				DEVELOPMENT_TEAM = 6XV8D93Z86;
				INFOPLIST_FILE = PersonsListTests/Info.plist;
				IPHONEOS_DEPLOYMENT_TARGET = 14.5;
				LD_RUNPATH_SEARCH_PATHS = (
					"$(inherited)",
					"@executable_path/Frameworks",
					"@loader_path/Frameworks",
				);
				PRODUCT_BUNDLE_IDENTIFIER = mz.PersonsListTests;
				PRODUCT_NAME = "$(TARGET_NAME)";
				SWIFT_VERSION = 5.0;
				TARGETED_DEVICE_FAMILY = "1,2";
				TEST_HOST = "$(BUILT_PRODUCTS_DIR)/PersonsList.app/PersonsList";
			};
			name = Debug;
		};
		0DF57BB526E5F840005838F7 /* Release */ = {
			isa = XCBuildConfiguration;
			buildSettings = {
				ALWAYS_EMBED_SWIFT_STANDARD_LIBRARIES = YES;
				BUNDLE_LOADER = "$(TEST_HOST)";
				CODE_SIGN_STYLE = Automatic;
				DEVELOPMENT_TEAM = 6XV8D93Z86;
				INFOPLIST_FILE = PersonsListTests/Info.plist;
				IPHONEOS_DEPLOYMENT_TARGET = 14.5;
				LD_RUNPATH_SEARCH_PATHS = (
					"$(inherited)",
					"@executable_path/Frameworks",
					"@loader_path/Frameworks",
				);
				PRODUCT_BUNDLE_IDENTIFIER = mz.PersonsListTests;
				PRODUCT_NAME = "$(TARGET_NAME)";
				SWIFT_VERSION = 5.0;
				TARGETED_DEVICE_FAMILY = "1,2";
				TEST_HOST = "$(BUILT_PRODUCTS_DIR)/PersonsList.app/PersonsList";
			};
			name = Release;
		};
		0DF57BB726E5F840005838F7 /* Debug */ = {
			isa = XCBuildConfiguration;
			buildSettings = {
				ALWAYS_EMBED_SWIFT_STANDARD_LIBRARIES = YES;
				CODE_SIGN_STYLE = Automatic;
				DEVELOPMENT_TEAM = 6XV8D93Z86;
				INFOPLIST_FILE = PersonsListUITests/Info.plist;
				LD_RUNPATH_SEARCH_PATHS = (
					"$(inherited)",
					"@executable_path/Frameworks",
					"@loader_path/Frameworks",
				);
				PRODUCT_BUNDLE_IDENTIFIER = mz.PersonsListUITests;
				PRODUCT_NAME = "$(TARGET_NAME)";
				SWIFT_VERSION = 5.0;
				TARGETED_DEVICE_FAMILY = "1,2";
				TEST_TARGET_NAME = PersonsList;
			};
			name = Debug;
		};
		0DF57BB826E5F840005838F7 /* Release */ = {
			isa = XCBuildConfiguration;
			buildSettings = {
				ALWAYS_EMBED_SWIFT_STANDARD_LIBRARIES = YES;
				CODE_SIGN_STYLE = Automatic;
				DEVELOPMENT_TEAM = 6XV8D93Z86;
				INFOPLIST_FILE = PersonsListUITests/Info.plist;
				LD_RUNPATH_SEARCH_PATHS = (
					"$(inherited)",
					"@executable_path/Frameworks",
					"@loader_path/Frameworks",
				);
				PRODUCT_BUNDLE_IDENTIFIER = mz.PersonsListUITests;
				PRODUCT_NAME = "$(TARGET_NAME)";
				SWIFT_VERSION = 5.0;
				TARGETED_DEVICE_FAMILY = "1,2";
				TEST_TARGET_NAME = PersonsList;
			};
			name = Release;
		};
/* End XCBuildConfiguration section */

/* Begin XCConfigurationList section */
		0DF57B8126E5F83D005838F7 /* Build configuration list for PBXProject "PersonsList" */ = {
			isa = XCConfigurationList;
			buildConfigurations = (
				0DF57BAE26E5F840005838F7 /* Debug */,
				0DF57BAF26E5F840005838F7 /* Release */,
			);
			defaultConfigurationIsVisible = 0;
			defaultConfigurationName = Release;
		};
		0DF57BB026E5F840005838F7 /* Build configuration list for PBXNativeTarget "PersonsList" */ = {
			isa = XCConfigurationList;
			buildConfigurations = (
				0DF57BB126E5F840005838F7 /* Debug */,
				0DF57BB226E5F840005838F7 /* Release */,
			);
			defaultConfigurationIsVisible = 0;
			defaultConfigurationName = Release;
		};
		0DF57BB326E5F840005838F7 /* Build configuration list for PBXNativeTarget "PersonsListTests" */ = {
			isa = XCConfigurationList;
			buildConfigurations = (
				0DF57BB426E5F840005838F7 /* Debug */,
				0DF57BB526E5F840005838F7 /* Release */,
			);
			defaultConfigurationIsVisible = 0;
			defaultConfigurationName = Release;
		};
		0DF57BB626E5F840005838F7 /* Build configuration list for PBXNativeTarget "PersonsListUITests" */ = {
			isa = XCConfigurationList;
			buildConfigurations = (
				0DF57BB726E5F840005838F7 /* Debug */,
				0DF57BB826E5F840005838F7 /* Release */,
			);
			defaultConfigurationIsVisible = 0;
			defaultConfigurationName = Release;
		};
/* End XCConfigurationList section */
	};
	rootObject = 0DF57B7E26E5F83D005838F7 /* Project object */;
}
